
Microsoft Visual Studio Solution File, Format Version 12.00
# Visual Studio Version 17
VisualStudioVersion = 17.9.34723.18
MinimumVisualStudioVersion = 10.0.40219.1
Project("{FAE04EC0-301F-11D3-BF4B-00C04F79EFBC}") = "RabbitMQPublisher", "RabbitMQPublisher\RabbitMQPublisher.csproj", "{269B6B31-8767-4EEC-9A38-A382C9039738}"
EndProject
Global
	GlobalSection(SolutionConfigurationPlatforms) = preSolution
		Debug|Any CPU = Debug|Any CPU
		Release|Any CPU = Release|Any CPU
	EndGlobalSection
	GlobalSection(ProjectConfigurationPlatforms) = postSolution
		{269B6B31-8767-4EEC-9A38-A382C9039738}.Debug|Any CPU.ActiveCfg = Debug|Any CPU
		{269B6B31-8767-4EEC-9A38-A382C9039738}.Debug|Any CPU.Build.0 = Debug|Any CPU
		{269B6B31-8767-4EEC-9A38-A382C9039738}.Release|Any CPU.ActiveCfg = Release|Any CPU
		{269B6B31-8767-4EEC-9A38-A382C9039738}.Release|Any CPU.Build.0 = Release|Any CPU
	EndGlobalSection
	GlobalSection(SolutionProperties) = preSolution
		HideSolutionNode = FALSE
	EndGlobalSection
	GlobalSection(ExtensibilityGlobals) = postSolution
		SolutionGuid = {8F4ADEBC-3AB7-4EF1-9BC2-90035C705996}
	EndGlobalSection
EndGlobal
